<Solution>
  <Project Path="Serilog.Extensions/Serilog.Extensions.csproj" />
  <Project Path="Services/Services.csproj" />
  <Project Path="SpayWise.Data/SpayWise.Data.csproj" />
  <Project Path="Testing/Testing.csproj" />
  <Project Path="WasmApp/WasmApp.Client/WasmApp.Client.csproj" />
  <Project Path="WasmApp/WasmApp/WasmApp.csproj" />
</Solution>
